<Solution>
  <Project Path="ClaimCheckPlayground.AppHost/ClaimCheckPlayground.AppHost.csproj" />
  <Project Path="ClaimCheckPlayground.ServiceDefaults/ClaimCheckPlayground.ServiceDefaults.csproj" />
  <Project Path="ClaimCheckPlayground.Contracts/ClaimCheckPlayground.Contracts.csproj" />
  <Project Path="ClaimCheckPlayground.Producer/ClaimCheckPlayground.Producer.csproj" />
  <Project Path="ClaimCheckPlayground.Processor/ClaimCheckPlayground.Processor.csproj" />
</Solution>
